
Microsoft Visual Studio Solution File, Format Version 12.00
# Visual Studio Version 17
VisualStudioVersion = 17.0.31919.166
MinimumVisualStudioVersion = 10.0.40219.1
Project("{FAE04EC0-301F-11D3-BF4B-00C04F79EFBC}") = "PetShop.Presentation", "PetShop.Presentation\PetShop.Presentation.csproj", "{63E911CD-24A3-41AC-9D4B-3C9B11E8F39F}"
EndProject
Project("{FAE04EC0-301F-11D3-BF4B-00C04F79EFBC}") = "PetShop.Data", "PetShop.Data\PetShop.Data.csproj", "{966BF8CF-17C2-446C-A8F1-1CC761B638EE}"
EndProject
Project("{FAE04EC0-301F-11D3-BF4B-00C04F79EFBC}") = "PetShop.Business", "PetShop.Business\PetShop.Business.csproj", "{ABB9E5C8-0F6F-44B8-8981-6E88B5B0843E}"
EndProject
Global
	GlobalSection(SolutionConfigurationPlatforms) = preSolution
		Debug|Any CPU = Debug|Any CPU
		Release|Any CPU = Release|Any CPU
	EndGlobalSection
	GlobalSection(ProjectConfigurationPlatforms) = postSolution
		{63E911CD-24A3-41AC-9D4B-3C9B11E8F39F}.Debug|Any CPU.ActiveCfg = Debug|Any CPU
		{63E911CD-24A3-41AC-9D4B-3C9B11E8F39F}.Debug|Any CPU.Build.0 = Debug|Any CPU
		{63E911CD-24A3-41AC-9D4B-3C9B11E8F39F}.Release|Any CPU.ActiveCfg = Release|Any CPU
		{63E911CD-24A3-41AC-9D4B-3C9B11E8F39F}.Release|Any CPU.Build.0 = Release|Any CPU
		{966BF8CF-17C2-446C-A8F1-1CC761B638EE}.Debug|Any CPU.ActiveCfg = Debug|Any CPU
		{966BF8CF-17C2-446C-A8F1-1CC761B638EE}.Debug|Any CPU.Build.0 = Debug|Any CPU
		{966BF8CF-17C2-446C-A8F1-1CC761B638EE}.Release|Any CPU.ActiveCfg = Release|Any CPU
		{966BF8CF-17C2-446C-A8F1-1CC761B638EE}.Release|Any CPU.Build.0 = Release|Any CPU
		{ABB9E5C8-0F6F-44B8-8981-6E88B5B0843E}.Debug|Any CPU.ActiveCfg = Debug|Any CPU
		{ABB9E5C8-0F6F-44B8-8981-6E88B5B0843E}.Debug|Any CPU.Build.0 = Debug|Any CPU
		{ABB9E5C8-0F6F-44B8-8981-6E88B5B0843E}.Release|Any CPU.ActiveCfg = Release|Any CPU
		{ABB9E5C8-0F6F-44B8-8981-6E88B5B0843E}.Release|Any CPU.Build.0 = Release|Any CPU
	EndGlobalSection
	GlobalSection(SolutionProperties) = preSolution
		HideSolutionNode = FALSE
	EndGlobalSection
	GlobalSection(ExtensibilityGlobals) = postSolution
		SolutionGuid = {CF7997BB-31E4-4E08-96DD-DF155C0DA2C0}
	EndGlobalSection
EndGlobal
