
Microsoft Visual Studio Solution File, Format Version 12.00
# Visual Studio Version 17
VisualStudioVersion = 17.0.31919.166
MinimumVisualStudioVersion = 10.0.40219.1
Project("{9A19103F-16F7-4668-BE54-9A1E7A4F7556}") = "PetShop.Presentation", "PetShop.Presentation\PetShop.Presentation.csproj", "{63E911CD-24A3-41AC-9D4B-3C9B11E8F39F}"
EndProject
Project("{FAE04EC0-301F-11D3-BF4B-00C04F79EFBC}") = "PetShop.Domain", "PetShop.Domain\PetShop.Domain.csproj", "{F494EDB6-8D6F-424F-8D36-AF733475ECE7}"
EndProject
Global
	GlobalSection(SolutionConfigurationPlatforms) = preSolution
		Debug|Any CPU = Debug|Any CPU
		Release|Any CPU = Release|Any CPU
	EndGlobalSection
	GlobalSection(ProjectConfigurationPlatforms) = postSolution
		{63E911CD-24A3-41AC-9D4B-3C9B11E8F39F}.Debug|Any CPU.ActiveCfg = Debug|Any CPU
		{63E911CD-24A3-41AC-9D4B-3C9B11E8F39F}.Debug|Any CPU.Build.0 = Debug|Any CPU
		{63E911CD-24A3-41AC-9D4B-3C9B11E8F39F}.Release|Any CPU.ActiveCfg = Release|Any CPU
		{63E911CD-24A3-41AC-9D4B-3C9B11E8F39F}.Release|Any CPU.Build.0 = Release|Any CPU
		{F494EDB6-8D6F-424F-8D36-AF733475ECE7}.Debug|Any CPU.ActiveCfg = Debug|Any CPU
		{F494EDB6-8D6F-424F-8D36-AF733475ECE7}.Debug|Any CPU.Build.0 = Debug|Any CPU
		{F494EDB6-8D6F-424F-8D36-AF733475ECE7}.Release|Any CPU.ActiveCfg = Release|Any CPU
		{F494EDB6-8D6F-424F-8D36-AF733475ECE7}.Release|Any CPU.Build.0 = Release|Any CPU
	EndGlobalSection
	GlobalSection(SolutionProperties) = preSolution
		HideSolutionNode = FALSE
	EndGlobalSection
	GlobalSection(ExtensibilityGlobals) = postSolution
		SolutionGuid = {CF7997BB-31E4-4E08-96DD-DF155C0DA2C0}
	EndGlobalSection
EndGlobal
